{
  "name": "vue-section-animation-timeline",
  "version": "1.0.0",
  "lockfileVersion": 1,
  "requires": true,
  "dependencies": {
    "gsap": {
      "version": "2.0.2",
      "resolved": "https://registry.npmjs.org/gsap/-/gsap-2.0.2.tgz",
      "integrity": "sha512-WyT0uuDNb+5xMccx4SsVcI1CwvIL0BPgP8TyJJmMWT/btGXUNtKesnkXFMMshYs37renFhDo1P5NEoizeonviQ=="
    },
    "performance-now": {
      "version": "2.1.0",
      "resolved": "https://registry.npmjs.org/performance-now/-/performance-now-2.1.0.tgz",
      "integrity": "sha1-Ywn04OX6kT7BxpMHrjZLSzd8nns="
    },
    "raf": {
      "version": "3.4.1",
      "resolved": "https://registry.npmjs.org/raf/-/raf-3.4.1.tgz",
      "integrity": "sha512-Sq4CW4QhwOHE8ucn6J34MqtZCeWFP2aQSmrlroYgqAV1PjStIhJXxYuTgUIfkEk7zTLjmIjLmU5q+fbD1NnOJA==",
      "requires": {
        "performance-now": "^2.1.0"
      }
    },
    "scroll-watcher": {
      "version": "1.2.0",
      "resolved": "https://registry.npmjs.org/scroll-watcher/-/scroll-watcher-1.2.0.tgz",
      "integrity": "sha512-5LUBdwGEOMcVjXE+xlLlZ1HqTYie4fMxYlUG5UXaGSUDCAGh+q01TTz8OScKPbS6sDIUrbJiJpYVMZMON31UuA==",
      "requires": {
        "raf": "^3.4.0",
        "tiny-emitter": "^2.0.2"
      }
    },
    "tiny-emitter": {
      "version": "2.0.2",
      "resolved": "https://registry.npmjs.org/tiny-emitter/-/tiny-emitter-2.0.2.tgz",
      "integrity": "sha512-2NM0auVBGft5tee/OxP4PI3d8WItkDM+fPnaRAVo6xTDI2knbz9eC5ArWGqtGlYqiH3RU5yMpdyTTO7MguC4ow=="
    }
  }
}
